// !$*UTF8*$!
{
	archiveVersion = 1;
	classes = {
	};
	objectVersion = 48;
	objects = {

/* Begin PBXBuildFile section */
		2216CC181FAAA7D5005F3734 /* Pixel.swift in Sources */ = {isa = PBXBuildFile; fileRef = 2216CC171FAAA7D5005F3734 /* Pixel.swift */; };
		221ABCDD1FAAA385005EF82B /* UIImage+Extensions.swift in Sources */ = {isa = PBXBuildFile; fileRef = 221ABCDC1FAAA385005EF82B /* UIImage+Extensions.swift */; };
		224F602C1FABB24800225E63 /* PulseView.swift in Sources */ = {isa = PBXBuildFile; fileRef = 224F602B1FABB24800225E63 /* PulseView.swift */; };
		2281A4D11FAA4CEE00B589BB /* AppDelegate.swift in Sources */ = {isa = PBXBuildFile; fileRef = 2281A4D01FAA4CEE00B589BB /* AppDelegate.swift */; };
		2281A4D31FAA4CEE00B589BB /* PulseMeasuringVC.swift in Sources */ = {isa = PBXBuildFile; fileRef = 2281A4D21FAA4CEE00B589BB /* PulseMeasuringVC.swift */; };
		2281A4D61FAA4CEE00B589BB /* Main.storyboard in Resources */ = {isa = PBXBuildFile; fileRef = 2281A4D41FAA4CEE00B589BB /* Main.storyboard */; };
		2281A4D91FAA4CEE00B589BB /* Pulser.xcdatamodeld in Sources */ = {isa = PBXBuildFile; fileRef = 2281A4D71FAA4CEE00B589BB /* Pulser.xcdatamodeld */; };
		2281A4DB1FAA4CEE00B589BB /* Assets.xcassets in Resources */ = {isa = PBXBuildFile; fileRef = 2281A4DA1FAA4CEE00B589BB /* Assets.xcassets */; };
		2281A4DE1FAA4CEE00B589BB /* LaunchScreen.storyboard in Resources */ = {isa = PBXBuildFile; fileRef = 2281A4DC1FAA4CEE00B589BB /* LaunchScreen.storyboard */; };
/* End PBXBuildFile section */

/* Begin PBXFileReference section */
		2216CC171FAAA7D5005F3734 /* Pixel.swift */ = {isa = PBXFileReference; lastKnownFileType = sourcecode.swift; path = Pixel.swift; sourceTree = "<group>"; };
		221ABCDC1FAAA385005EF82B /* UIImage+Extensions.swift */ = {isa = PBXFileReference; lastKnownFileType = sourcecode.swift; path = "UIImage+Extensions.swift"; sourceTree = "<group>"; };
		224F602B1FABB24800225E63 /* PulseView.swift */ = {isa = PBXFileReference; lastKnownFileType = sourcecode.swift; path = PulseView.swift; sourceTree = "<group>"; };
		2281A4CD1FAA4CEE00B589BB /* Pulser.app */ = {isa = PBXFileReference; explicitFileType = wrapper.application; includeInIndex = 0; path = Pulser.app; sourceTree = BUILT_PRODUCTS_DIR; };
		2281A4D01FAA4CEE00B589BB /* AppDelegate.swift */ = {isa = PBXFileReference; lastKnownFileType = sourcecode.swift; path = AppDelegate.swift; sourceTree = "<group>"; };
		2281A4D21FAA4CEE00B589BB /* PulseMeasuringVC.swift */ = {isa = PBXFileReference; lastKnownFileType = sourcecode.swift; path = PulseMeasuringVC.swift; sourceTree = "<group>"; };
		2281A4D51FAA4CEE00B589BB /* Base */ = {isa = PBXFileReference; lastKnownFileType = file.storyboard; name = Base; path = Base.lproj/Main.storyboard; sourceTree = "<group>"; };
		2281A4D81FAA4CEE00B589BB /* Pulser.xcdatamodel */ = {isa = PBXFileReference; lastKnownFileType = wrapper.xcdatamodel; path = Pulser.xcdatamodel; sourceTree = "<group>"; };
		2281A4DA1FAA4CEE00B589BB /* Assets.xcassets */ = {isa = PBXFileReference; lastKnownFileType = folder.assetcatalog; path = Assets.xcassets; sourceTree = "<group>"; };
		2281A4DD1FAA4CEE00B589BB /* Base */ = {isa = PBXFileReference; lastKnownFileType = file.storyboard; name = Base; path = Base.lproj/LaunchScreen.storyboard; sourceTree = "<group>"; };
		2281A4DF1FAA4CEE00B589BB /* Info.plist */ = {isa = PBXFileReference; lastKnownFileType = text.plist.xml; path = Info.plist; sourceTree = "<group>"; };
/* End PBXFileReference section */

/* Begin PBXFrameworksBuildPhase section */
		2281A4CA1FAA4CEE00B589BB /* Frameworks */ = {
			isa = PBXFrameworksBuildPhase;
			buildActionMask = 2147483647;
			files = (
			);
			runOnlyForDeploymentPostprocessing = 0;
		};
/* End PBXFrameworksBuildPhase section */

/* Begin PBXGroup section */
		2281A4C41FAA4CEE00B589BB = {
			isa = PBXGroup;
			children = (
				2281A4CF1FAA4CEE00B589BB /* Pulser */,
				2281A4CE1FAA4CEE00B589BB /* Products */,
			);
			sourceTree = "<group>";
		};
		2281A4CE1FAA4CEE00B589BB /* Products */ = {
			isa = PBXGroup;
			children = (
				2281A4CD1FAA4CEE00B589BB /* Pulser.app */,
			);
			name = Products;
			sourceTree = "<group>";
		};
		2281A4CF1FAA4CEE00B589BB /* Pulser */ = {
			isa = PBXGroup;
			children = (
				2281A4D01FAA4CEE00B589BB /* AppDelegate.swift */,
				2281A4D21FAA4CEE00B589BB /* PulseMeasuringVC.swift */,
				2281A4D41FAA4CEE00B589BB /* Main.storyboard */,
				2281A4DA1FAA4CEE00B589BB /* Assets.xcassets */,
				2281A4DC1FAA4CEE00B589BB /* LaunchScreen.storyboard */,
				2281A4DF1FAA4CEE00B589BB /* Info.plist */,
				2281A4D71FAA4CEE00B589BB /* Pulser.xcdatamodeld */,
				221ABCDC1FAAA385005EF82B /* UIImage+Extensions.swift */,
				2216CC171FAAA7D5005F3734 /* Pixel.swift */,
				224F602B1FABB24800225E63 /* PulseView.swift */,
			);
			path = Pulser;
			sourceTree = "<group>";
		};
/* End PBXGroup section */

/* Begin PBXNativeTarget section */
		2281A4CC1FAA4CEE00B589BB /* Pulser */ = {
			isa = PBXNativeTarget;
			buildConfigurationList = 2281A4E21FAA4CEE00B589BB /* Build configuration list for PBXNativeTarget "Pulser" */;
			buildPhases = (
				2281A4C91FAA4CEE00B589BB /* Sources */,
				2281A4CA1FAA4CEE00B589BB /* Frameworks */,
				2281A4CB1FAA4CEE00B589BB /* Resources */,
			);
			buildRules = (
			);
			dependencies = (
			);
			name = Pulser;
			productName = Pulser;
			productReference = 2281A4CD1FAA4CEE00B589BB /* Pulser.app */;
			productType = "com.apple.product-type.application";
		};
/* End PBXNativeTarget section */

/* Begin PBXProject section */
		2281A4C51FAA4CEE00B589BB /* Project object */ = {
			isa = PBXProject;
			attributes = {
				LastSwiftUpdateCheck = 0900;
				LastUpgradeCheck = 0900;
				ORGANIZATIONNAME = "Kryg Tomek";
				TargetAttributes = {
					2281A4CC1FAA4CEE00B589BB = {
						CreatedOnToolsVersion = 9.0;
						ProvisioningStyle = Automatic;
					};
				};
			};
			buildConfigurationList = 2281A4C81FAA4CEE00B589BB /* Build configuration list for PBXProject "Pulser" */;
			compatibilityVersion = "Xcode 8.0";
			developmentRegion = en;
			hasScannedForEncodings = 0;
			knownRegions = (
				en,
				Base,
			);
			mainGroup = 2281A4C41FAA4CEE00B589BB;
			productRefGroup = 2281A4CE1FAA4CEE00B589BB /* Products */;
			projectDirPath = "";
			projectRoot = "";
			targets = (
				2281A4CC1FAA4CEE00B589BB /* Pulser */,
			);
		};
/* End PBXProject section */

/* Begin PBXResourcesBuildPhase section */
		2281A4CB1FAA4CEE00B589BB /* Resources */ = {
			isa = PBXResourcesBuildPhase;
			buildActionMask = 2147483647;
			files = (
				2281A4DE1FAA4CEE00B589BB /* LaunchScreen.storyboard in Resources */,
				2281A4DB1FAA4CEE00B589BB /* Assets.xcassets in Resources */,
				2281A4D61FAA4CEE00B589BB /* Main.storyboard in Resources */,
			);
			runOnlyForDeploymentPostprocessing = 0;
		};
/* End PBXResourcesBuildPhase section */

/* Begin PBXSourcesBuildPhase section */
		2281A4C91FAA4CEE00B589BB /* Sources */ = {
			isa = PBXSourcesBuildPhase;
			buildActionMask = 2147483647;
			files = (
				2281A4D31FAA4CEE00B589BB /* PulseMeasuringVC.swift in Sources */,
				2281A4D11FAA4CEE00B589BB /* AppDelegate.swift in Sources */,
				224F602C1FABB24800225E63 /* PulseView.swift in Sources */,
				2216CC181FAAA7D5005F3734 /* Pixel.swift in Sources */,
				2281A4D91FAA4CEE00B589BB /* Pulser.xcdatamodeld in Sources */,
				221ABCDD1FAAA385005EF82B /* UIImage+Extensions.swift in Sources */,
			);
			runOnlyForDeploymentPostprocessing = 0;
		};
/* End PBXSourcesBuildPhase section */

/* Begin PBXVariantGroup section */
		2281A4D41FAA4CEE00B589BB /* Main.storyboard */ = {
			isa = PBXVariantGroup;
			children = (
				2281A4D51FAA4CEE00B589BB /* Base */,
			);
			name = Main.storyboard;
			sourceTree = "<group>";
		};
		2281A4DC1FAA4CEE00B589BB /* LaunchScreen.storyboard */ = {
			isa = PBXVariantGroup;
			children = (
				2281A4DD1FAA4CEE00B589BB /* Base */,
			);
			name = LaunchScreen.storyboard;
			sourceTree = "<group>";
		};
/* End PBXVariantGroup section */

/* Begin XCBuildConfiguration section */
		2281A4E01FAA4CEE00B589BB /* Debug */ = {
			isa = XCBuildConfiguration;
			buildSettings = {
				ALWAYS_SEARCH_USER_PATHS = NO;
				CLANG_ANALYZER_NONNULL = YES;
				CLANG_ANALYZER_NUMBER_OBJECT_CONVERSION = YES_AGGRESSIVE;
				CLANG_CXX_LANGUAGE_STANDARD = "gnu++14";
				CLANG_CXX_LIBRARY = "libc++";
				CLANG_ENABLE_MODULES = YES;
				CLANG_ENABLE_OBJC_ARC = YES;
				CLANG_WARN_BLOCK_CAPTURE_AUTORELEASING = YES;
				CLANG_WARN_BOOL_CONVERSION = YES;
				CLANG_WARN_COMMA = YES;
				CLANG_WARN_CONSTANT_CONVERSION = YES;
				CLANG_WARN_DIRECT_OBJC_ISA_USAGE = YES_ERROR;
				CLANG_WARN_DOCUMENTATION_COMMENTS = YES;
				CLANG_WARN_EMPTY_BODY = YES;
				CLANG_WARN_ENUM_CONVERSION = YES;
				CLANG_WARN_INFINITE_RECURSION = YES;
				CLANG_WARN_INT_CONVERSION = YES;
				CLANG_WARN_NON_LITERAL_NULL_CONVERSION = YES;
				CLANG_WARN_OBJC_LITERAL_CONVERSION = YES;
				CLANG_WARN_OBJC_ROOT_CLASS = YES_ERROR;
				CLANG_WARN_RANGE_LOOP_ANALYSIS = YES;
				CLANG_WARN_STRICT_PROTOTYPES = YES;
				CLANG_WARN_SUSPICIOUS_MOVE = YES;
				CLANG_WARN_UNGUARDED_AVAILABILITY = YES_AGGRESSIVE;
				CLANG_WARN_UNREACHABLE_CODE = YES;
				CLANG_WARN__DUPLICATE_METHOD_MATCH = YES;
				CODE_SIGN_IDENTITY = "iPhone Developer";
				COPY_PHASE_STRIP = NO;
				DEBUG_INFORMATION_FORMAT = dwarf;
				ENABLE_STRICT_OBJC_MSGSEND = YES;
				ENABLE_TESTABILITY = YES;
				GCC_C_LANGUAGE_STANDARD = gnu11;
				GCC_DYNAMIC_NO_PIC = NO;
				GCC_NO_COMMON_BLOCKS = YES;
				GCC_OPTIMIZATION_LEVEL = 0;
				GCC_PREPROCESSOR_DEFINITIONS = (
					"DEBUG=1",
					"$(inherited)",
				);
				GCC_WARN_64_TO_32_BIT_CONVERSION = YES;
				GCC_WARN_ABOUT_RETURN_TYPE = YES_ERROR;
				GCC_WARN_UNDECLARED_SELECTOR = YES;
				GCC_WARN_UNINITIALIZED_AUTOS = YES_AGGRESSIVE;
				GCC_WARN_UNUSED_FUNCTION = YES;
				GCC_WARN_UNUSED_VARIABLE = YES;
				IPHONEOS_DEPLOYMENT_TARGET = 11.0;
				MTL_ENABLE_DEBUG_INFO = YES;
				ONLY_ACTIVE_ARCH = YES;
				SDKROOT = iphoneos;
				SWIFT_ACTIVE_COMPILATION_CONDITIONS = DEBUG;
				SWIFT_OPTIMIZATION_LEVEL = "-Onone";
			};
			name = Debug;
		};
		2281A4E11FAA4CEE00B589BB /* Release */ = {
			isa = XCBuildConfiguration;
			buildSettings = {
				ALWAYS_SEARCH_USER_PATHS = NO;
				CLANG_ANALYZER_NONNULL = YES;
				CLANG_ANALYZER_NUMBER_OBJECT_CONVERSION = YES_AGGRESSIVE;
				CLANG_CXX_LANGUAGE_STANDARD = "gnu++14";
				CLANG_CXX_LIBRARY = "libc++";
				CLANG_ENABLE_MODULES = YES;
				CLANG_ENABLE_OBJC_ARC = YES;
				CLANG_WARN_BLOCK_CAPTURE_AUTORELEASING = YES;
				CLANG_WARN_BOOL_CONVERSION = YES;
				CLANG_WARN_COMMA = YES;
				CLANG_WARN_CONSTANT_CONVERSION = YES;
				CLANG_WARN_DIRECT_OBJC_ISA_USAGE = YES_ERROR;
				CLANG_WARN_DOCUMENTATION_COMMENTS = YES;
				CLANG_WARN_EMPTY_BODY = YES;
				CLANG_WARN_ENUM_CONVERSION = YES;
				CLANG_WARN_INFINITE_RECURSION = YES;
				CLANG_WARN_INT_CONVERSION = YES;
				CLANG_WARN_NON_LITERAL_NULL_CONVERSION = YES;
				CLANG_WARN_OBJC_LITERAL_CONVERSION = YES;
				CLANG_WARN_OBJC_ROOT_CLASS = YES_ERROR;
				CLANG_WARN_RANGE_LOOP_ANALYSIS = YES;
				CLANG_WARN_STRICT_PROTOTYPES = YES;
				CLANG_WARN_SUSPICIOUS_MOVE = YES;
				CLANG_WARN_UNGUARDED_AVAILABILITY = YES_AGGRESSIVE;
				CLANG_WARN_UNREACHABLE_CODE = YES;
				CLANG_WARN__DUPLICATE_METHOD_MATCH = YES;
				CODE_SIGN_IDENTITY = "iPhone Developer";
				COPY_PHASE_STRIP = NO;
				DEBUG_INFORMATION_FORMAT = "dwarf-with-dsym";
				ENABLE_NS_ASSERTIONS = NO;
				ENABLE_STRICT_OBJC_MSGSEND = YES;
				GCC_C_LANGUAGE_STANDARD = gnu11;
				GCC_NO_COMMON_BLOCKS = YES;
				GCC_WARN_64_TO_32_BIT_CONVERSION = YES;
				GCC_WARN_ABOUT_RETURN_TYPE = YES_ERROR;
				GCC_WARN_UNDECLARED_SELECTOR = YES;
				GCC_WARN_UNINITIALIZED_AUTOS = YES_AGGRESSIVE;
				GCC_WARN_UNUSED_FUNCTION = YES;
				GCC_WARN_UNUSED_VARIABLE = YES;
				IPHONEOS_DEPLOYMENT_TARGET = 11.0;
				MTL_ENABLE_DEBUG_INFO = NO;
				SDKROOT = iphoneos;
				SWIFT_OPTIMIZATION_LEVEL = "-Owholemodule";
				VALIDATE_PRODUCT = YES;
			};
			name = Release;
		};
		2281A4E31FAA4CEE00B589BB /* Debug */ = {
			isa = XCBuildConfiguration;
			buildSettings = {
				ASSETCATALOG_COMPILER_APPICON_NAME = AppIcon;
				CODE_SIGN_STYLE = Automatic;
				DEVELOPMENT_TEAM = 9Q8P88U6B9;
				INFOPLIST_FILE = Pulser/Info.plist;
				LD_RUNPATH_SEARCH_PATHS = "$(inherited) @executable_path/Frameworks";
				PRODUCT_BUNDLE_IDENTIFIER = kryg.Pulser;
				PRODUCT_NAME = "$(TARGET_NAME)";
				SWIFT_VERSION = 4.0;
				TARGETED_DEVICE_FAMILY = "1,2";
			};
			name = Debug;
		};
		2281A4E41FAA4CEE00B589BB /* Release */ = {
			isa = XCBuildConfiguration;
			buildSettings = {
				ASSETCATALOG_COMPILER_APPICON_NAME = AppIcon;
				CODE_SIGN_STYLE = Automatic;
				DEVELOPMENT_TEAM = 9Q8P88U6B9;
				INFOPLIST_FILE = Pulser/Info.plist;
				LD_RUNPATH_SEARCH_PATHS = "$(inherited) @executable_path/Frameworks";
				PRODUCT_BUNDLE_IDENTIFIER = kryg.Pulser;
				PRODUCT_NAME = "$(TARGET_NAME)";
				SWIFT_VERSION = 4.0;
				TARGETED_DEVICE_FAMILY = "1,2";
			};
			name = Release;
		};
/* End XCBuildConfiguration section */

/* Begin XCConfigurationList section */
		2281A4C81FAA4CEE00B589BB /* Build configuration list for PBXProject "Pulser" */ = {
			isa = XCConfigurationList;
			buildConfigurations = (
				2281A4E01FAA4CEE00B589BB /* Debug */,
				2281A4E11FAA4CEE00B589BB /* Release */,
			);
			defaultConfigurationIsVisible = 0;
			defaultConfigurationName = Release;
		};
		2281A4E21FAA4CEE00B589BB /* Build configuration list for PBXNativeTarget "Pulser" */ = {
			isa = XCConfigurationList;
			buildConfigurations = (
				2281A4E31FAA4CEE00B589BB /* Debug */,
				2281A4E41FAA4CEE00B589BB /* Release */,
			);
			defaultConfigurationIsVisible = 0;
			defaultConfigurationName = Release;
		};
/* End XCConfigurationList section */

/* Begin XCVersionGroup section */
		2281A4D71FAA4CEE00B589BB /* Pulser.xcdatamodeld */ = {
			isa = XCVersionGroup;
			children = (
				2281A4D81FAA4CEE00B589BB /* Pulser.xcdatamodel */,
			);
			currentVersion = 2281A4D81FAA4CEE00B589BB /* Pulser.xcdatamodel */;
			path = Pulser.xcdatamodeld;
			sourceTree = "<group>";
			versionGroupType = wrapper.xcdatamodel;
		};
/* End XCVersionGroup section */
	};
	rootObject = 2281A4C51FAA4CEE00B589BB /* Project object */;
}
